
Microsoft Visual Studio Solution File, Format Version 12.00
# Visual Studio 15
VisualStudioVersion = 15.0.27130.2024
MinimumVisualStudioVersion = 10.0.40219.1
Project("{F184B08F-C81C-45F6-A57F-5ABD9991F28F}") = "Applied Project", "Applied Project\Applied Project.vbproj", "{1755263E-16E2-4F60-A86B-95B411D383F1}"
EndProject
Global
	GlobalSection(SolutionConfigurationPlatforms) = preSolution
		Debug|Any CPU = Debug|Any CPU
		Release|Any CPU = Release|Any CPU
	EndGlobalSection
	GlobalSection(ProjectConfigurationPlatforms) = postSolution
		{1755263E-16E2-4F60-A86B-95B411D383F1}.Debug|Any CPU.ActiveCfg = Debug|Any CPU
		{1755263E-16E2-4F60-A86B-95B411D383F1}.Debug|Any CPU.Build.0 = Debug|Any CPU
		{1755263E-16E2-4F60-A86B-95B411D383F1}.Release|Any CPU.ActiveCfg = Release|Any CPU
		{1755263E-16E2-4F60-A86B-95B411D383F1}.Release|Any CPU.Build.0 = Release|Any CPU
	EndGlobalSection
	GlobalSection(SolutionProperties) = preSolution
		HideSolutionNode = FALSE
	EndGlobalSection
	GlobalSection(ExtensibilityGlobals) = postSolution
		SolutionGuid = {B9BDF4C6-1556-4988-99D5-19FCDBC4CD36}
	EndGlobalSection
EndGlobal
